
Microsoft Visual Studio Solution File, Format Version 12.00
# Visual Studio 15
VisualStudioVersion = 15.0.27428.2037
MinimumVisualStudioVersion = 10.0.40219.1
Project("{FAE04EC0-301F-11D3-BF4B-00C04F79EFBC}") = "LunarisGameEngine", "LunarisGameEngine\LunarisGameEngine.csproj", "{ADB71BC9-9926-4B3A-BD52-81D9BF653231}"
EndProject
Global
	GlobalSection(SolutionConfigurationPlatforms) = preSolution
		Debug|Any CPU = Debug|Any CPU
		Release|Any CPU = Release|Any CPU
	EndGlobalSection
	GlobalSection(ProjectConfigurationPlatforms) = postSolution
		{ADB71BC9-9926-4B3A-BD52-81D9BF653231}.Debug|Any CPU.ActiveCfg = Debug|Any CPU
		{ADB71BC9-9926-4B3A-BD52-81D9BF653231}.Debug|Any CPU.Build.0 = Debug|Any CPU
		{ADB71BC9-9926-4B3A-BD52-81D9BF653231}.Release|Any CPU.ActiveCfg = Release|Any CPU
		{ADB71BC9-9926-4B3A-BD52-81D9BF653231}.Release|Any CPU.Build.0 = Release|Any CPU
	EndGlobalSection
	GlobalSection(SolutionProperties) = preSolution
		HideSolutionNode = FALSE
	EndGlobalSection
	GlobalSection(ExtensibilityGlobals) = postSolution
		SolutionGuid = {B8220726-0232-4444-BE3D-52287BF04A3D}
	EndGlobalSection
EndGlobal
