
Microsoft Visual Studio Solution File, Format Version 12.00
# Visual Studio Version 17
VisualStudioVersion = 17.5.002.0
MinimumVisualStudioVersion = 10.0.40219.1
Project("{9A19103F-16F7-4668-BE54-9A1E7A4F7556}") = "Playground", "Playground.csproj", "{D51F0839-5856-41EF-837C-E16FEA7A5435}"
EndProject
Global
	GlobalSection(SolutionConfigurationPlatforms) = preSolution
		Debug|Any CPU = Debug|Any CPU
		Release|Any CPU = Release|Any CPU
	EndGlobalSection
	GlobalSection(ProjectConfigurationPlatforms) = postSolution
		{D51F0839-5856-41EF-837C-E16FEA7A5435}.Debug|Any CPU.ActiveCfg = Debug|Any CPU
		{D51F0839-5856-41EF-837C-E16FEA7A5435}.Debug|Any CPU.Build.0 = Debug|Any CPU
		{D51F0839-5856-41EF-837C-E16FEA7A5435}.Release|Any CPU.ActiveCfg = Release|Any CPU
		{D51F0839-5856-41EF-837C-E16FEA7A5435}.Release|Any CPU.Build.0 = Release|Any CPU
	EndGlobalSection
	GlobalSection(SolutionProperties) = preSolution
		HideSolutionNode = FALSE
	EndGlobalSection
	GlobalSection(ExtensibilityGlobals) = postSolution
		SolutionGuid = {B9A500C3-0E30-49CE-AAC7-9DCE08F75A3B}
	EndGlobalSection
EndGlobal
