
Microsoft Visual Studio Solution File, Format Version 12.00
# Visual Studio Version 16
VisualStudioVersion = 16.0.28803.352
MinimumVisualStudioVersion = 10.0.40219.1
Project("{9A19103F-16F7-4668-BE54-9A1E7A4F7556}") = "lunge.Library", "lunge.Library\lunge.Library.csproj", "{7DA8071F-91B3-468D-9722-FCB861FA42BA}"
EndProject
Project("{2150E333-8FDC-42A3-9474-1A3956D46DE8}") = "Demos", "Demos", "{0474E88A-E553-4437-9599-732852C00D4F}"
EndProject
Project("{2150E333-8FDC-42A3-9474-1A3956D46DE8}") = "Tests", "Tests", "{0943A64D-15D5-4892-94AF-5DFFB1FB1844}"
EndProject
Project("{9A19103F-16F7-4668-BE54-9A1E7A4F7556}") = "lunge.Library.Tests", "Tests\lunge.Library.Tests\lunge.Library.Tests.csproj", "{72FDCFDE-C93F-48BD-BE89-8EB9DCBA3477}"
EndProject
Project("{9A19103F-16F7-4668-BE54-9A1E7A4F7556}") = "lunge.MapEditor", "lunge.MapEditor\lunge.MapEditor.csproj", "{AC19748F-BAB5-49DE-90C5-660765E3A188}"
EndProject
Project("{2150E333-8FDC-42A3-9474-1A3956D46DE8}") = "Deps", "Deps", "{D7632E75-BDDB-4B33-BC48-5B7C0648F028}"
EndProject
Project("{FAE04EC0-301F-11D3-BF4B-00C04F79EFBC}") = "Nez.MG38", "..\deps\Nez\Nez.Portable\Nez.MG38.csproj", "{BBBE359D-3ACF-4370-B547-E514EC6CB1B1}"
EndProject
Project("{FAE04EC0-301F-11D3-BF4B-00C04F79EFBC}") = "Nez.MG38.Persistence", "..\deps\Nez\Nez.Persistence\Nez.MG38.Persistence.csproj", "{EB521393-870D-4B12-8B45-F7E6BB2752E1}"
EndProject
Project("{FAE04EC0-301F-11D3-BF4B-00C04F79EFBC}") = "Nez.MG38.ImGui", "..\deps\Nez\Nez.ImGui\Nez.MG38.ImGui.csproj", "{29E743F0-54B7-4A36-8C66-379FAAA09452}"
EndProject
Project("{FAE04EC0-301F-11D3-BF4B-00C04F79EFBC}") = "LiteNetLib", "..\deps\LiteNetLib\LiteNetLib\LiteNetLib.csproj", "{79822B1C-0B86-4F47-B5AA-793755445630}"
EndProject
Project("{FAE04EC0-301F-11D3-BF4B-00C04F79EFBC}") = "Jint", "..\deps\jint\Jint\Jint.csproj", "{DEBCBFB8-92AF-46AB-A3D5-BB8CCA6EFE67}"
EndProject
Global
	GlobalSection(SolutionConfigurationPlatforms) = preSolution
		Debug|Any CPU = Debug|Any CPU
		Release|Any CPU = Release|Any CPU
	EndGlobalSection
	GlobalSection(ProjectConfigurationPlatforms) = postSolution
		{7DA8071F-91B3-468D-9722-FCB861FA42BA}.Debug|Any CPU.ActiveCfg = Debug|Any CPU
		{7DA8071F-91B3-468D-9722-FCB861FA42BA}.Debug|Any CPU.Build.0 = Debug|Any CPU
		{7DA8071F-91B3-468D-9722-FCB861FA42BA}.Release|Any CPU.ActiveCfg = Release|Any CPU
		{7DA8071F-91B3-468D-9722-FCB861FA42BA}.Release|Any CPU.Build.0 = Release|Any CPU
		{72FDCFDE-C93F-48BD-BE89-8EB9DCBA3477}.Debug|Any CPU.ActiveCfg = Debug|Any CPU
		{72FDCFDE-C93F-48BD-BE89-8EB9DCBA3477}.Debug|Any CPU.Build.0 = Debug|Any CPU
		{72FDCFDE-C93F-48BD-BE89-8EB9DCBA3477}.Release|Any CPU.ActiveCfg = Release|Any CPU
		{72FDCFDE-C93F-48BD-BE89-8EB9DCBA3477}.Release|Any CPU.Build.0 = Release|Any CPU
		{AC19748F-BAB5-49DE-90C5-660765E3A188}.Debug|Any CPU.ActiveCfg = Debug|Any CPU
		{AC19748F-BAB5-49DE-90C5-660765E3A188}.Debug|Any CPU.Build.0 = Debug|Any CPU
		{AC19748F-BAB5-49DE-90C5-660765E3A188}.Release|Any CPU.ActiveCfg = Release|Any CPU
		{AC19748F-BAB5-49DE-90C5-660765E3A188}.Release|Any CPU.Build.0 = Release|Any CPU
		{BBBE359D-3ACF-4370-B547-E514EC6CB1B1}.Debug|Any CPU.ActiveCfg = Debug|Any CPU
		{BBBE359D-3ACF-4370-B547-E514EC6CB1B1}.Debug|Any CPU.Build.0 = Debug|Any CPU
		{BBBE359D-3ACF-4370-B547-E514EC6CB1B1}.Release|Any CPU.ActiveCfg = Release|Any CPU
		{BBBE359D-3ACF-4370-B547-E514EC6CB1B1}.Release|Any CPU.Build.0 = Release|Any CPU
		{EB521393-870D-4B12-8B45-F7E6BB2752E1}.Debug|Any CPU.ActiveCfg = Debug|Any CPU
		{EB521393-870D-4B12-8B45-F7E6BB2752E1}.Debug|Any CPU.Build.0 = Debug|Any CPU
		{EB521393-870D-4B12-8B45-F7E6BB2752E1}.Release|Any CPU.ActiveCfg = Release|Any CPU
		{EB521393-870D-4B12-8B45-F7E6BB2752E1}.Release|Any CPU.Build.0 = Release|Any CPU
		{29E743F0-54B7-4A36-8C66-379FAAA09452}.Debug|Any CPU.ActiveCfg = Debug|Any CPU
		{29E743F0-54B7-4A36-8C66-379FAAA09452}.Debug|Any CPU.Build.0 = Debug|Any CPU
		{29E743F0-54B7-4A36-8C66-379FAAA09452}.Release|Any CPU.ActiveCfg = Release|Any CPU
		{29E743F0-54B7-4A36-8C66-379FAAA09452}.Release|Any CPU.Build.0 = Release|Any CPU
		{79822B1C-0B86-4F47-B5AA-793755445630}.Debug|Any CPU.ActiveCfg = Debug|Any CPU
		{79822B1C-0B86-4F47-B5AA-793755445630}.Debug|Any CPU.Build.0 = Debug|Any CPU
		{79822B1C-0B86-4F47-B5AA-793755445630}.Release|Any CPU.ActiveCfg = Release|Any CPU
		{79822B1C-0B86-4F47-B5AA-793755445630}.Release|Any CPU.Build.0 = Release|Any CPU
		{DEBCBFB8-92AF-46AB-A3D5-BB8CCA6EFE67}.Debug|Any CPU.ActiveCfg = Debug|Any CPU
		{DEBCBFB8-92AF-46AB-A3D5-BB8CCA6EFE67}.Debug|Any CPU.Build.0 = Debug|Any CPU
		{DEBCBFB8-92AF-46AB-A3D5-BB8CCA6EFE67}.Release|Any CPU.ActiveCfg = Release|Any CPU
		{DEBCBFB8-92AF-46AB-A3D5-BB8CCA6EFE67}.Release|Any CPU.Build.0 = Release|Any CPU
	EndGlobalSection
	GlobalSection(SolutionProperties) = preSolution
		HideSolutionNode = FALSE
	EndGlobalSection
	GlobalSection(NestedProjects) = preSolution
		{72FDCFDE-C93F-48BD-BE89-8EB9DCBA3477} = {0943A64D-15D5-4892-94AF-5DFFB1FB1844}
		{BBBE359D-3ACF-4370-B547-E514EC6CB1B1} = {D7632E75-BDDB-4B33-BC48-5B7C0648F028}
		{EB521393-870D-4B12-8B45-F7E6BB2752E1} = {D7632E75-BDDB-4B33-BC48-5B7C0648F028}
		{29E743F0-54B7-4A36-8C66-379FAAA09452} = {D7632E75-BDDB-4B33-BC48-5B7C0648F028}
		{79822B1C-0B86-4F47-B5AA-793755445630} = {D7632E75-BDDB-4B33-BC48-5B7C0648F028}
		{DEBCBFB8-92AF-46AB-A3D5-BB8CCA6EFE67} = {D7632E75-BDDB-4B33-BC48-5B7C0648F028}
	EndGlobalSection
	GlobalSection(ExtensibilityGlobals) = postSolution
		SolutionGuid = {B8220726-0232-4444-BE3D-52287BF04A3D}
	EndGlobalSection
EndGlobal
