
Microsoft Visual Studio Solution File, Format Version 12.00
# Visual Studio Version 16
VisualStudioVersion = 16.0.28803.352
MinimumVisualStudioVersion = 10.0.40219.1
Project("{9A19103F-16F7-4668-BE54-9A1E7A4F7556}") = "lunge.Library", "lunge.Library\lunge.Library.csproj", "{7DA8071F-91B3-468D-9722-FCB861FA42BA}"
EndProject
Project("{2150E333-8FDC-42A3-9474-1A3956D46DE8}") = "Demos", "Demos", "{0474E88A-E553-4437-9599-732852C00D4F}"
EndProject
Project("{2150E333-8FDC-42A3-9474-1A3956D46DE8}") = "Tests", "Tests", "{0943A64D-15D5-4892-94AF-5DFFB1FB1844}"
EndProject
Project("{9A19103F-16F7-4668-BE54-9A1E7A4F7556}") = "lunge.Library.Tests", "Tests\lunge.Library.Tests\lunge.Library.Tests.csproj", "{72FDCFDE-C93F-48BD-BE89-8EB9DCBA3477}"
EndProject
Project("{9A19103F-16F7-4668-BE54-9A1E7A4F7556}") = "lunge.MapEditor", "lunge.MapEditor\lunge.MapEditor.csproj", "{AC19748F-BAB5-49DE-90C5-660765E3A188}"
EndProject
Project("{2150E333-8FDC-42A3-9474-1A3956D46DE8}") = "Deps", "Deps", "{D7632E75-BDDB-4B33-BC48-5B7C0648F028}"
EndProject
Project("{FAE04EC0-301F-11D3-BF4B-00C04F79EFBC}") = "LiteNetLib", "..\deps\LiteNetLib\LiteNetLib\LiteNetLib.csproj", "{79822B1C-0B86-4F47-B5AA-793755445630}"
EndProject
Project("{FAE04EC0-301F-11D3-BF4B-00C04F79EFBC}") = "Jint", "..\deps\jint\Jint\Jint.csproj", "{DEBCBFB8-92AF-46AB-A3D5-BB8CCA6EFE67}"
EndProject
Project("{FAE04EC0-301F-11D3-BF4B-00C04F79EFBC}") = "Playground", "Demos\Playground\Playground.csproj", "{8661F2E9-FFEB-4B6E-840B-820A419946F9}"
EndProject
Project("{FAE04EC0-301F-11D3-BF4B-00C04F79EFBC}") = "lunge.ParticleEditor", "lunge.ParticleEditor\lunge.ParticleEditor.csproj", "{1FDA8633-06A2-43DC-97D8-BE97E6A5FCA4}"
EndProject
Project("{FAE04EC0-301F-11D3-BF4B-00C04F79EFBC}") = "lunge.DtsGenerator", "lunge.DtsGenerator\lunge.DtsGenerator.csproj", "{AA4B504A-9417-4066-A6A3-E1AC5E78DFE8}"
EndProject
Project("{FAE04EC0-301F-11D3-BF4B-00C04F79EFBC}") = "Playground2", "Demos\Playground2\Playground2.csproj", "{23E5F63D-9C27-46E8-A87C-B577DBDD2C3D}"
EndProject
Project("{2150E333-8FDC-42A3-9474-1A3956D46DE8}") = "Util", "Util", "{DBEF08E1-5EE4-4F21-9525-4DBEE65F6A74}"
EndProject
Project("{2150E333-8FDC-42A3-9474-1A3956D46DE8}") = "Tools", "Tools", "{3DFF7B61-B94E-4A6E-8B17-6F3BA2950907}"
EndProject
Project("{FAE04EC0-301F-11D3-BF4B-00C04F79EFBC}") = "lunge.UiEditor", "lunge.UiEditor\lunge.UiEditor.csproj", "{4B520E47-9571-4FC8-BC9C-A4030C849656}"
EndProject
Project("{FAE04EC0-301F-11D3-BF4B-00C04F79EFBC}") = "lunge.Library.Scripting", "lunge.Library.Scripting\lunge.Library.Scripting.csproj", "{EC36A53F-4A70-423B-A6CC-FBCC5EDC3817}"
EndProject
Project("{FAE04EC0-301F-11D3-BF4B-00C04F79EFBC}") = "FNA.Core", "..\deps\FNA\FNA.Core.csproj", "{0832A6E0-9673-4E11-9204-1E6F667685A8}"
EndProject
Project("{FAE04EC0-301F-11D3-BF4B-00C04F79EFBC}") = "Nez.FNA.Standard", "..\deps\Nez\Nez.Portable\Nez.FNA.Standard.csproj", "{FEAF678B-AC21-4FCF-917A-E525D7114AD5}"
EndProject
Project("{FAE04EC0-301F-11D3-BF4B-00C04F79EFBC}") = "Nez.FNA.Standard.Persistence", "..\deps\Nez\Nez.Persistence\Nez.FNA.Standard.Persistence.csproj", "{0E22F8E3-68BE-410B-B6B7-46DF793F7871}"
EndProject
Project("{FAE04EC0-301F-11D3-BF4B-00C04F79EFBC}") = "Nez.FNA.Standard.ImGui", "..\deps\Nez\Nez.ImGui\Nez.FNA.Standard.ImGui.csproj", "{7C3D7AD0-B0C9-4C95-B566-AFC35B735B86}"
EndProject
Global
	GlobalSection(SolutionConfigurationPlatforms) = preSolution
		Debug|Any CPU = Debug|Any CPU
		Release|Any CPU = Release|Any CPU
	EndGlobalSection
	GlobalSection(ProjectConfigurationPlatforms) = postSolution
		{7DA8071F-91B3-468D-9722-FCB861FA42BA}.Debug|Any CPU.ActiveCfg = Debug|Any CPU
		{7DA8071F-91B3-468D-9722-FCB861FA42BA}.Debug|Any CPU.Build.0 = Debug|Any CPU
		{7DA8071F-91B3-468D-9722-FCB861FA42BA}.Release|Any CPU.ActiveCfg = Release|Any CPU
		{7DA8071F-91B3-468D-9722-FCB861FA42BA}.Release|Any CPU.Build.0 = Release|Any CPU
		{72FDCFDE-C93F-48BD-BE89-8EB9DCBA3477}.Debug|Any CPU.ActiveCfg = Debug|Any CPU
		{72FDCFDE-C93F-48BD-BE89-8EB9DCBA3477}.Debug|Any CPU.Build.0 = Debug|Any CPU
		{72FDCFDE-C93F-48BD-BE89-8EB9DCBA3477}.Release|Any CPU.ActiveCfg = Release|Any CPU
		{72FDCFDE-C93F-48BD-BE89-8EB9DCBA3477}.Release|Any CPU.Build.0 = Release|Any CPU
		{AC19748F-BAB5-49DE-90C5-660765E3A188}.Debug|Any CPU.ActiveCfg = Debug|Any CPU
		{AC19748F-BAB5-49DE-90C5-660765E3A188}.Debug|Any CPU.Build.0 = Debug|Any CPU
		{AC19748F-BAB5-49DE-90C5-660765E3A188}.Release|Any CPU.ActiveCfg = Release|Any CPU
		{AC19748F-BAB5-49DE-90C5-660765E3A188}.Release|Any CPU.Build.0 = Release|Any CPU
		{79822B1C-0B86-4F47-B5AA-793755445630}.Debug|Any CPU.ActiveCfg = Debug|Any CPU
		{79822B1C-0B86-4F47-B5AA-793755445630}.Debug|Any CPU.Build.0 = Debug|Any CPU
		{79822B1C-0B86-4F47-B5AA-793755445630}.Release|Any CPU.ActiveCfg = Release|Any CPU
		{79822B1C-0B86-4F47-B5AA-793755445630}.Release|Any CPU.Build.0 = Release|Any CPU
		{DEBCBFB8-92AF-46AB-A3D5-BB8CCA6EFE67}.Debug|Any CPU.ActiveCfg = Debug|Any CPU
		{DEBCBFB8-92AF-46AB-A3D5-BB8CCA6EFE67}.Debug|Any CPU.Build.0 = Debug|Any CPU
		{DEBCBFB8-92AF-46AB-A3D5-BB8CCA6EFE67}.Release|Any CPU.ActiveCfg = Release|Any CPU
		{DEBCBFB8-92AF-46AB-A3D5-BB8CCA6EFE67}.Release|Any CPU.Build.0 = Release|Any CPU
		{8661F2E9-FFEB-4B6E-840B-820A419946F9}.Debug|Any CPU.ActiveCfg = Debug|Any CPU
		{8661F2E9-FFEB-4B6E-840B-820A419946F9}.Debug|Any CPU.Build.0 = Debug|Any CPU
		{8661F2E9-FFEB-4B6E-840B-820A419946F9}.Release|Any CPU.ActiveCfg = Release|Any CPU
		{8661F2E9-FFEB-4B6E-840B-820A419946F9}.Release|Any CPU.Build.0 = Release|Any CPU
		{1FDA8633-06A2-43DC-97D8-BE97E6A5FCA4}.Debug|Any CPU.ActiveCfg = Debug|Any CPU
		{1FDA8633-06A2-43DC-97D8-BE97E6A5FCA4}.Debug|Any CPU.Build.0 = Debug|Any CPU
		{1FDA8633-06A2-43DC-97D8-BE97E6A5FCA4}.Release|Any CPU.ActiveCfg = Release|Any CPU
		{1FDA8633-06A2-43DC-97D8-BE97E6A5FCA4}.Release|Any CPU.Build.0 = Release|Any CPU
		{AA4B504A-9417-4066-A6A3-E1AC5E78DFE8}.Debug|Any CPU.ActiveCfg = Debug|Any CPU
		{AA4B504A-9417-4066-A6A3-E1AC5E78DFE8}.Debug|Any CPU.Build.0 = Debug|Any CPU
		{AA4B504A-9417-4066-A6A3-E1AC5E78DFE8}.Release|Any CPU.ActiveCfg = Release|Any CPU
		{AA4B504A-9417-4066-A6A3-E1AC5E78DFE8}.Release|Any CPU.Build.0 = Release|Any CPU
		{23E5F63D-9C27-46E8-A87C-B577DBDD2C3D}.Debug|Any CPU.ActiveCfg = Debug|Any CPU
		{23E5F63D-9C27-46E8-A87C-B577DBDD2C3D}.Debug|Any CPU.Build.0 = Debug|Any CPU
		{23E5F63D-9C27-46E8-A87C-B577DBDD2C3D}.Release|Any CPU.ActiveCfg = Release|Any CPU
		{23E5F63D-9C27-46E8-A87C-B577DBDD2C3D}.Release|Any CPU.Build.0 = Release|Any CPU
		{4B520E47-9571-4FC8-BC9C-A4030C849656}.Debug|Any CPU.ActiveCfg = Debug|Any CPU
		{4B520E47-9571-4FC8-BC9C-A4030C849656}.Debug|Any CPU.Build.0 = Debug|Any CPU
		{4B520E47-9571-4FC8-BC9C-A4030C849656}.Release|Any CPU.ActiveCfg = Release|Any CPU
		{4B520E47-9571-4FC8-BC9C-A4030C849656}.Release|Any CPU.Build.0 = Release|Any CPU
		{EC36A53F-4A70-423B-A6CC-FBCC5EDC3817}.Debug|Any CPU.ActiveCfg = Debug|Any CPU
		{EC36A53F-4A70-423B-A6CC-FBCC5EDC3817}.Debug|Any CPU.Build.0 = Debug|Any CPU
		{EC36A53F-4A70-423B-A6CC-FBCC5EDC3817}.Release|Any CPU.ActiveCfg = Release|Any CPU
		{EC36A53F-4A70-423B-A6CC-FBCC5EDC3817}.Release|Any CPU.Build.0 = Release|Any CPU
		{0832A6E0-9673-4E11-9204-1E6F667685A8}.Debug|Any CPU.ActiveCfg = Debug|x64
		{0832A6E0-9673-4E11-9204-1E6F667685A8}.Debug|Any CPU.Build.0 = Debug|x64
		{0832A6E0-9673-4E11-9204-1E6F667685A8}.Release|Any CPU.ActiveCfg = Release|x64
		{0832A6E0-9673-4E11-9204-1E6F667685A8}.Release|Any CPU.Build.0 = Release|x64
		{FEAF678B-AC21-4FCF-917A-E525D7114AD5}.Debug|Any CPU.ActiveCfg = Debug|Any CPU
		{FEAF678B-AC21-4FCF-917A-E525D7114AD5}.Debug|Any CPU.Build.0 = Debug|Any CPU
		{FEAF678B-AC21-4FCF-917A-E525D7114AD5}.Release|Any CPU.ActiveCfg = Release|Any CPU
		{FEAF678B-AC21-4FCF-917A-E525D7114AD5}.Release|Any CPU.Build.0 = Release|Any CPU
		{0E22F8E3-68BE-410B-B6B7-46DF793F7871}.Debug|Any CPU.ActiveCfg = Debug|Any CPU
		{0E22F8E3-68BE-410B-B6B7-46DF793F7871}.Debug|Any CPU.Build.0 = Debug|Any CPU
		{0E22F8E3-68BE-410B-B6B7-46DF793F7871}.Release|Any CPU.ActiveCfg = Release|Any CPU
		{0E22F8E3-68BE-410B-B6B7-46DF793F7871}.Release|Any CPU.Build.0 = Release|Any CPU
		{7C3D7AD0-B0C9-4C95-B566-AFC35B735B86}.Debug|Any CPU.ActiveCfg = Debug|Any CPU
		{7C3D7AD0-B0C9-4C95-B566-AFC35B735B86}.Debug|Any CPU.Build.0 = Debug|Any CPU
		{7C3D7AD0-B0C9-4C95-B566-AFC35B735B86}.Release|Any CPU.ActiveCfg = Release|Any CPU
		{7C3D7AD0-B0C9-4C95-B566-AFC35B735B86}.Release|Any CPU.Build.0 = Release|Any CPU
	EndGlobalSection
	GlobalSection(SolutionProperties) = preSolution
		HideSolutionNode = FALSE
	EndGlobalSection
	GlobalSection(NestedProjects) = preSolution
		{72FDCFDE-C93F-48BD-BE89-8EB9DCBA3477} = {0943A64D-15D5-4892-94AF-5DFFB1FB1844}
		{79822B1C-0B86-4F47-B5AA-793755445630} = {D7632E75-BDDB-4B33-BC48-5B7C0648F028}
		{DEBCBFB8-92AF-46AB-A3D5-BB8CCA6EFE67} = {D7632E75-BDDB-4B33-BC48-5B7C0648F028}
		{8661F2E9-FFEB-4B6E-840B-820A419946F9} = {0474E88A-E553-4437-9599-732852C00D4F}
		{23E5F63D-9C27-46E8-A87C-B577DBDD2C3D} = {0474E88A-E553-4437-9599-732852C00D4F}
		{AA4B504A-9417-4066-A6A3-E1AC5E78DFE8} = {DBEF08E1-5EE4-4F21-9525-4DBEE65F6A74}
		{AC19748F-BAB5-49DE-90C5-660765E3A188} = {3DFF7B61-B94E-4A6E-8B17-6F3BA2950907}
		{1FDA8633-06A2-43DC-97D8-BE97E6A5FCA4} = {3DFF7B61-B94E-4A6E-8B17-6F3BA2950907}
		{4B520E47-9571-4FC8-BC9C-A4030C849656} = {3DFF7B61-B94E-4A6E-8B17-6F3BA2950907}
		{0832A6E0-9673-4E11-9204-1E6F667685A8} = {D7632E75-BDDB-4B33-BC48-5B7C0648F028}
		{FEAF678B-AC21-4FCF-917A-E525D7114AD5} = {D7632E75-BDDB-4B33-BC48-5B7C0648F028}
		{0E22F8E3-68BE-410B-B6B7-46DF793F7871} = {D7632E75-BDDB-4B33-BC48-5B7C0648F028}
		{7C3D7AD0-B0C9-4C95-B566-AFC35B735B86} = {D7632E75-BDDB-4B33-BC48-5B7C0648F028}
	EndGlobalSection
	GlobalSection(ExtensibilityGlobals) = postSolution
		SolutionGuid = {B8220726-0232-4444-BE3D-52287BF04A3D}
	EndGlobalSection
EndGlobal
