
Microsoft Visual Studio Solution File, Format Version 12.00
# Visual Studio 15
VisualStudioVersion = 15.0.27428.2037
MinimumVisualStudioVersion = 10.0.40219.1
Project("{9A19103F-16F7-4668-BE54-9A1E7A4F7556}") = "lunge.Library", "lunge.Library\lunge.Library.csproj", "{7DA8071F-91B3-468D-9722-FCB861FA42BA}"
EndProject
Project("{2150E333-8FDC-42A3-9474-1A3956D46DE8}") = "Demos", "Demos", "{0474E88A-E553-4437-9599-732852C00D4F}"
EndProject
Project("{9A19103F-16F7-4668-BE54-9A1E7A4F7556}") = "Nightly", "Demos\Nightly\Nightly.csproj", "{32F9AEBB-D083-42E5-9467-035C85631457}"
EndProject
Project("{2150E333-8FDC-42A3-9474-1A3956D46DE8}") = "Tests", "Tests", "{0943A64D-15D5-4892-94AF-5DFFB1FB1844}"
EndProject
Project("{FAE04EC0-301F-11D3-BF4B-00C04F79EFBC}") = "lunge.Library.Tests", "Tests\lunge.Library.Tests\lunge.Library.Tests.csproj", "{72FDCFDE-C93F-48BD-BE89-8EB9DCBA3477}"
EndProject
Global
	GlobalSection(SolutionConfigurationPlatforms) = preSolution
		Debug|Any CPU = Debug|Any CPU
		Release|Any CPU = Release|Any CPU
	EndGlobalSection
	GlobalSection(ProjectConfigurationPlatforms) = postSolution
		{7DA8071F-91B3-468D-9722-FCB861FA42BA}.Debug|Any CPU.ActiveCfg = Debug|Any CPU
		{7DA8071F-91B3-468D-9722-FCB861FA42BA}.Debug|Any CPU.Build.0 = Debug|Any CPU
		{7DA8071F-91B3-468D-9722-FCB861FA42BA}.Release|Any CPU.ActiveCfg = Release|Any CPU
		{7DA8071F-91B3-468D-9722-FCB861FA42BA}.Release|Any CPU.Build.0 = Release|Any CPU
		{32F9AEBB-D083-42E5-9467-035C85631457}.Debug|Any CPU.ActiveCfg = Debug|Any CPU
		{32F9AEBB-D083-42E5-9467-035C85631457}.Debug|Any CPU.Build.0 = Debug|Any CPU
		{32F9AEBB-D083-42E5-9467-035C85631457}.Release|Any CPU.ActiveCfg = Release|Any CPU
		{32F9AEBB-D083-42E5-9467-035C85631457}.Release|Any CPU.Build.0 = Release|Any CPU
		{72FDCFDE-C93F-48BD-BE89-8EB9DCBA3477}.Debug|Any CPU.ActiveCfg = Debug|Any CPU
		{72FDCFDE-C93F-48BD-BE89-8EB9DCBA3477}.Debug|Any CPU.Build.0 = Debug|Any CPU
		{72FDCFDE-C93F-48BD-BE89-8EB9DCBA3477}.Release|Any CPU.ActiveCfg = Release|Any CPU
		{72FDCFDE-C93F-48BD-BE89-8EB9DCBA3477}.Release|Any CPU.Build.0 = Release|Any CPU
	EndGlobalSection
	GlobalSection(SolutionProperties) = preSolution
		HideSolutionNode = FALSE
	EndGlobalSection
	GlobalSection(NestedProjects) = preSolution
		{32F9AEBB-D083-42E5-9467-035C85631457} = {0474E88A-E553-4437-9599-732852C00D4F}
		{72FDCFDE-C93F-48BD-BE89-8EB9DCBA3477} = {0943A64D-15D5-4892-94AF-5DFFB1FB1844}
	EndGlobalSection
	GlobalSection(ExtensibilityGlobals) = postSolution
		SolutionGuid = {B8220726-0232-4444-BE3D-52287BF04A3D}
	EndGlobalSection
EndGlobal
