
Microsoft Visual Studio Solution File, Format Version 12.00
# Visual Studio Version 16
VisualStudioVersion = 16.0.28803.352
MinimumVisualStudioVersion = 10.0.40219.1
Project("{9A19103F-16F7-4668-BE54-9A1E7A4F7556}") = "lunge.Library", "lunge.Library\lunge.Library.csproj", "{7DA8071F-91B3-468D-9722-FCB861FA42BA}"
EndProject
Project("{2150E333-8FDC-42A3-9474-1A3956D46DE8}") = "Demos", "Demos", "{0474E88A-E553-4437-9599-732852C00D4F}"
EndProject
Project("{9A19103F-16F7-4668-BE54-9A1E7A4F7556}") = "Nightly", "Demos\Nightly\Nightly.csproj", "{32F9AEBB-D083-42E5-9467-035C85631457}"
EndProject
Project("{2150E333-8FDC-42A3-9474-1A3956D46DE8}") = "Tests", "Tests", "{0943A64D-15D5-4892-94AF-5DFFB1FB1844}"
EndProject
Project("{9A19103F-16F7-4668-BE54-9A1E7A4F7556}") = "lunge.Library.Tests", "Tests\lunge.Library.Tests\lunge.Library.Tests.csproj", "{72FDCFDE-C93F-48BD-BE89-8EB9DCBA3477}"
EndProject
Project("{9A19103F-16F7-4668-BE54-9A1E7A4F7556}") = "lunge.MapEditor", "lunge.MapEditor\lunge.MapEditor.csproj", "{AC19748F-BAB5-49DE-90C5-660765E3A188}"
EndProject
Project("{2150E333-8FDC-42A3-9474-1A3956D46DE8}") = "3rdParty", "3rdParty", "{1BFD5B25-D7BA-48C4-A553-C15421169AA8}"
EndProject
Project("{9A19103F-16F7-4668-BE54-9A1E7A4F7556}") = "MonoGame.Extended.Entities", "..\..\MonoGame.Extended\Source\MonoGame.Extended.Entities\MonoGame.Extended.Entities.csproj", "{866CF8DE-ABCA-4263-AC65-4694771AEAA9}"
EndProject
Project("{9A19103F-16F7-4668-BE54-9A1E7A4F7556}") = "MonoGame.Extended", "..\..\MonoGame.Extended\Source\MonoGame.Extended\MonoGame.Extended.csproj", "{7DFA5572-241A-4A97-BEC0-D3AFE872855B}"
EndProject
Project("{9A19103F-16F7-4668-BE54-9A1E7A4F7556}") = "MonoGame.Extended.Animations", "..\..\MonoGame.Extended\Source\MonoGame.Extended.Animations\MonoGame.Extended.Animations.csproj", "{FE03AB37-D520-4112-801B-74AAEC28FE2E}"
EndProject
Project("{9A19103F-16F7-4668-BE54-9A1E7A4F7556}") = "GuiTests", "Demos\GuiTests\GuiTests.csproj", "{7B32EEF2-EBB1-4A2F-86AB-E2C4D63AA7EE}"
EndProject
Global
	GlobalSection(SolutionConfigurationPlatforms) = preSolution
		Debug|Any CPU = Debug|Any CPU
		Release|Any CPU = Release|Any CPU
	EndGlobalSection
	GlobalSection(ProjectConfigurationPlatforms) = postSolution
		{7DA8071F-91B3-468D-9722-FCB861FA42BA}.Debug|Any CPU.ActiveCfg = Debug|Any CPU
		{7DA8071F-91B3-468D-9722-FCB861FA42BA}.Debug|Any CPU.Build.0 = Debug|Any CPU
		{7DA8071F-91B3-468D-9722-FCB861FA42BA}.Release|Any CPU.ActiveCfg = Release|Any CPU
		{7DA8071F-91B3-468D-9722-FCB861FA42BA}.Release|Any CPU.Build.0 = Release|Any CPU
		{32F9AEBB-D083-42E5-9467-035C85631457}.Debug|Any CPU.ActiveCfg = Debug|Any CPU
		{32F9AEBB-D083-42E5-9467-035C85631457}.Debug|Any CPU.Build.0 = Debug|Any CPU
		{32F9AEBB-D083-42E5-9467-035C85631457}.Release|Any CPU.ActiveCfg = Release|Any CPU
		{32F9AEBB-D083-42E5-9467-035C85631457}.Release|Any CPU.Build.0 = Release|Any CPU
		{72FDCFDE-C93F-48BD-BE89-8EB9DCBA3477}.Debug|Any CPU.ActiveCfg = Debug|Any CPU
		{72FDCFDE-C93F-48BD-BE89-8EB9DCBA3477}.Debug|Any CPU.Build.0 = Debug|Any CPU
		{72FDCFDE-C93F-48BD-BE89-8EB9DCBA3477}.Release|Any CPU.ActiveCfg = Release|Any CPU
		{72FDCFDE-C93F-48BD-BE89-8EB9DCBA3477}.Release|Any CPU.Build.0 = Release|Any CPU
		{AC19748F-BAB5-49DE-90C5-660765E3A188}.Debug|Any CPU.ActiveCfg = Debug|Any CPU
		{AC19748F-BAB5-49DE-90C5-660765E3A188}.Debug|Any CPU.Build.0 = Debug|Any CPU
		{AC19748F-BAB5-49DE-90C5-660765E3A188}.Release|Any CPU.ActiveCfg = Release|Any CPU
		{AC19748F-BAB5-49DE-90C5-660765E3A188}.Release|Any CPU.Build.0 = Release|Any CPU
		{866CF8DE-ABCA-4263-AC65-4694771AEAA9}.Debug|Any CPU.ActiveCfg = Debug|Any CPU
		{866CF8DE-ABCA-4263-AC65-4694771AEAA9}.Debug|Any CPU.Build.0 = Debug|Any CPU
		{866CF8DE-ABCA-4263-AC65-4694771AEAA9}.Release|Any CPU.ActiveCfg = Release|Any CPU
		{866CF8DE-ABCA-4263-AC65-4694771AEAA9}.Release|Any CPU.Build.0 = Release|Any CPU
		{7DFA5572-241A-4A97-BEC0-D3AFE872855B}.Debug|Any CPU.ActiveCfg = Debug|Any CPU
		{7DFA5572-241A-4A97-BEC0-D3AFE872855B}.Debug|Any CPU.Build.0 = Debug|Any CPU
		{7DFA5572-241A-4A97-BEC0-D3AFE872855B}.Release|Any CPU.ActiveCfg = Release|Any CPU
		{7DFA5572-241A-4A97-BEC0-D3AFE872855B}.Release|Any CPU.Build.0 = Release|Any CPU
		{FE03AB37-D520-4112-801B-74AAEC28FE2E}.Debug|Any CPU.ActiveCfg = Debug|Any CPU
		{FE03AB37-D520-4112-801B-74AAEC28FE2E}.Debug|Any CPU.Build.0 = Debug|Any CPU
		{FE03AB37-D520-4112-801B-74AAEC28FE2E}.Release|Any CPU.ActiveCfg = Release|Any CPU
		{FE03AB37-D520-4112-801B-74AAEC28FE2E}.Release|Any CPU.Build.0 = Release|Any CPU
		{7B32EEF2-EBB1-4A2F-86AB-E2C4D63AA7EE}.Debug|Any CPU.ActiveCfg = Debug|Any CPU
		{7B32EEF2-EBB1-4A2F-86AB-E2C4D63AA7EE}.Debug|Any CPU.Build.0 = Debug|Any CPU
		{7B32EEF2-EBB1-4A2F-86AB-E2C4D63AA7EE}.Release|Any CPU.ActiveCfg = Release|Any CPU
		{7B32EEF2-EBB1-4A2F-86AB-E2C4D63AA7EE}.Release|Any CPU.Build.0 = Release|Any CPU
	EndGlobalSection
	GlobalSection(SolutionProperties) = preSolution
		HideSolutionNode = FALSE
	EndGlobalSection
	GlobalSection(NestedProjects) = preSolution
		{32F9AEBB-D083-42E5-9467-035C85631457} = {0474E88A-E553-4437-9599-732852C00D4F}
		{72FDCFDE-C93F-48BD-BE89-8EB9DCBA3477} = {0943A64D-15D5-4892-94AF-5DFFB1FB1844}
		{866CF8DE-ABCA-4263-AC65-4694771AEAA9} = {1BFD5B25-D7BA-48C4-A553-C15421169AA8}
		{7DFA5572-241A-4A97-BEC0-D3AFE872855B} = {1BFD5B25-D7BA-48C4-A553-C15421169AA8}
		{FE03AB37-D520-4112-801B-74AAEC28FE2E} = {1BFD5B25-D7BA-48C4-A553-C15421169AA8}
		{7B32EEF2-EBB1-4A2F-86AB-E2C4D63AA7EE} = {0474E88A-E553-4437-9599-732852C00D4F}
	EndGlobalSection
	GlobalSection(ExtensibilityGlobals) = postSolution
		SolutionGuid = {B8220726-0232-4444-BE3D-52287BF04A3D}
	EndGlobalSection
EndGlobal
